
Microsoft Visual Studio Solution File, Format Version 12.00
# Visual Studio Version 16
VisualStudioVersion = 16.0.31702.278
MinimumVisualStudioVersion = 10.0.40219.1
Project("{FAE04EC0-301F-11D3-BF4B-00C04F79EFBC}") = "ShopOnline", "ShopOnline.csproj", "{13348858-1C1E-457A-BE3F-6CD96B0C43FE}"
EndProject
Global
	GlobalSection(SolutionConfigurationPlatforms) = preSolution
		Debug|Any CPU = Debug|Any CPU
		Release|Any CPU = Release|Any CPU
	EndGlobalSection
	GlobalSection(ProjectConfigurationPlatforms) = postSolution
		{13348858-1C1E-457A-BE3F-6CD96B0C43FE}.Debug|Any CPU.ActiveCfg = Debug|Any CPU
		{13348858-1C1E-457A-BE3F-6CD96B0C43FE}.Debug|Any CPU.Build.0 = Debug|Any CPU
		{13348858-1C1E-457A-BE3F-6CD96B0C43FE}.Release|Any CPU.ActiveCfg = Release|Any CPU
		{13348858-1C1E-457A-BE3F-6CD96B0C43FE}.Release|Any CPU.Build.0 = Release|Any CPU
	EndGlobalSection
	GlobalSection(SolutionProperties) = preSolution
		HideSolutionNode = FALSE
	EndGlobalSection
	GlobalSection(ExtensibilityGlobals) = postSolution
		SolutionGuid = {82D9B9A7-73B5-4697-ADCF-F5AC8016B431}
	EndGlobalSection
EndGlobal
